
Microsoft Visual Studio Solution File, Format Version 12.00
# Visual Studio Version 16
VisualStudioVersion = 16.0.30907.101
MinimumVisualStudioVersion = 10.0.40219.1
Project("{FAE04EC0-301F-11D3-BF4B-00C04F79EFBC}") = "task2", "task2\task2.csproj", "{4DF15048-35EB-49A2-94D5-5792CD67A00E}"
EndProject
Global
	GlobalSection(SolutionConfigurationPlatforms) = preSolution
		Debug|Any CPU = Debug|Any CPU
		Release|Any CPU = Release|Any CPU
	EndGlobalSection
	GlobalSection(ProjectConfigurationPlatforms) = postSolution
		{4DF15048-35EB-49A2-94D5-5792CD67A00E}.Debug|Any CPU.ActiveCfg = Debug|Any CPU
		{4DF15048-35EB-49A2-94D5-5792CD67A00E}.Debug|Any CPU.Build.0 = Debug|Any CPU
		{4DF15048-35EB-49A2-94D5-5792CD67A00E}.Release|Any CPU.ActiveCfg = Release|Any CPU
		{4DF15048-35EB-49A2-94D5-5792CD67A00E}.Release|Any CPU.Build.0 = Release|Any CPU
	EndGlobalSection
	GlobalSection(SolutionProperties) = preSolution
		HideSolutionNode = FALSE
	EndGlobalSection
	GlobalSection(ExtensibilityGlobals) = postSolution
		SolutionGuid = {4D602969-A001-4553-8ACC-4623D441EC5A}
	EndGlobalSection
EndGlobal
