
Microsoft Visual Studio Solution File, Format Version 12.00
# Visual Studio Version 16
VisualStudioVersion = 16.0.30907.101
MinimumVisualStudioVersion = 10.0.40219.1
Project("{FAE04EC0-301F-11D3-BF4B-00C04F79EFBC}") = "task2", "task2\task2.csproj", "{6129821E-CB90-4DD7-A578-FD541E6F576B}"
EndProject
Project("{FAE04EC0-301F-11D3-BF4B-00C04F79EFBC}") = "task3", "task3\task3.csproj", "{D6A9AFCB-4104-44DA-9A7A-EB7FA6DC5221}"
EndProject
Global
	GlobalSection(SolutionConfigurationPlatforms) = preSolution
		Debug|Any CPU = Debug|Any CPU
		Release|Any CPU = Release|Any CPU
	EndGlobalSection
	GlobalSection(ProjectConfigurationPlatforms) = postSolution
		{6129821E-CB90-4DD7-A578-FD541E6F576B}.Debug|Any CPU.ActiveCfg = Debug|Any CPU
		{6129821E-CB90-4DD7-A578-FD541E6F576B}.Debug|Any CPU.Build.0 = Debug|Any CPU
		{6129821E-CB90-4DD7-A578-FD541E6F576B}.Release|Any CPU.ActiveCfg = Release|Any CPU
		{6129821E-CB90-4DD7-A578-FD541E6F576B}.Release|Any CPU.Build.0 = Release|Any CPU
		{D6A9AFCB-4104-44DA-9A7A-EB7FA6DC5221}.Debug|Any CPU.ActiveCfg = Debug|Any CPU
		{D6A9AFCB-4104-44DA-9A7A-EB7FA6DC5221}.Debug|Any CPU.Build.0 = Debug|Any CPU
		{D6A9AFCB-4104-44DA-9A7A-EB7FA6DC5221}.Release|Any CPU.ActiveCfg = Release|Any CPU
		{D6A9AFCB-4104-44DA-9A7A-EB7FA6DC5221}.Release|Any CPU.Build.0 = Release|Any CPU
	EndGlobalSection
	GlobalSection(SolutionProperties) = preSolution
		HideSolutionNode = FALSE
	EndGlobalSection
	GlobalSection(ExtensibilityGlobals) = postSolution
		SolutionGuid = {3423DF95-2498-436C-B2A0-E1DD65F380BA}
	EndGlobalSection
EndGlobal
