
Microsoft Visual Studio Solution File, Format Version 12.00
# Visual Studio Version 16
VisualStudioVersion = 16.0.30907.101
MinimumVisualStudioVersion = 10.0.40219.1
Project("{FAE04EC0-301F-11D3-BF4B-00C04F79EFBC}") = "task2", "task2\task2.csproj", "{CF25AECB-6F56-4DA9-9527-C477AD7E3A74}"
EndProject
Project("{FAE04EC0-301F-11D3-BF4B-00C04F79EFBC}") = "task3", "task3\task3.csproj", "{88832489-BE83-42F8-8CEA-28378678F2BE}"
EndProject
Global
	GlobalSection(SolutionConfigurationPlatforms) = preSolution
		Debug|Any CPU = Debug|Any CPU
		Release|Any CPU = Release|Any CPU
	EndGlobalSection
	GlobalSection(ProjectConfigurationPlatforms) = postSolution
		{CF25AECB-6F56-4DA9-9527-C477AD7E3A74}.Debug|Any CPU.ActiveCfg = Debug|Any CPU
		{CF25AECB-6F56-4DA9-9527-C477AD7E3A74}.Debug|Any CPU.Build.0 = Debug|Any CPU
		{CF25AECB-6F56-4DA9-9527-C477AD7E3A74}.Release|Any CPU.ActiveCfg = Release|Any CPU
		{CF25AECB-6F56-4DA9-9527-C477AD7E3A74}.Release|Any CPU.Build.0 = Release|Any CPU
		{88832489-BE83-42F8-8CEA-28378678F2BE}.Debug|Any CPU.ActiveCfg = Debug|Any CPU
		{88832489-BE83-42F8-8CEA-28378678F2BE}.Debug|Any CPU.Build.0 = Debug|Any CPU
		{88832489-BE83-42F8-8CEA-28378678F2BE}.Release|Any CPU.ActiveCfg = Release|Any CPU
		{88832489-BE83-42F8-8CEA-28378678F2BE}.Release|Any CPU.Build.0 = Release|Any CPU
	EndGlobalSection
	GlobalSection(SolutionProperties) = preSolution
		HideSolutionNode = FALSE
	EndGlobalSection
	GlobalSection(ExtensibilityGlobals) = postSolution
		SolutionGuid = {BA9FFBBF-0865-4712-88A1-2B56F0F37BE8}
	EndGlobalSection
EndGlobal
